{
  "name": "assets",
  "lockfileVersion": 2,
  "requires": true,
  "packages": {
    "": {
      "dependencies": {
        "prosemirror-collab": "^1.2.2",
        "prosemirror-example-setup": "^1.1.2",
        "prosemirror-model": "^1.16.1",
        "prosemirror-schema-basic": "^1.1.2",
        "prosemirror-schema-list": "^1.1.6",
        "prosemirror-state": "^1.3.4",
        "prosemirror-view": "^1.23.12"
      }
    },
    "node_modules/crelt": {
      "version": "1.0.5",
      "resolved": "http://nexus.prod.uci.cu/repository/npm-all/crelt/-/crelt-1.0.5.tgz",
      "integrity": "sha512-+BO9wPPi+DWTDcNYhr/W90myha8ptzftZT+LwcmUbbok0rcP/fequmFYCw8NMoH7pkAZQzU78b3kYrlua5a9eA==",
      "license": "MIT"
    },
    "node_modules/orderedmap": {
      "version": "1.1.5",
      "resolved": "http://nexus.prod.uci.cu/repository/npm-all/orderedmap/-/orderedmap-1.1.5.tgz",
      "integrity": "sha512-/fzlCGKRmfayGoI9UUXvJfc2nMZlJHW30QqEvwPvlg8tsX7jyiUSomYie6mYqx7Z9bOMGoag0H/q1PS/0PjYkg==",
      "license": "MIT"
    },
    "node_modules/prosemirror-collab": {
      "version": "1.2.2",
      "resolved": "http://nexus.prod.uci.cu/repository/npm-all/prosemirror-collab/-/prosemirror-collab-1.2.2.tgz",
      "integrity": "sha512-tBnHKMLgy5Qmx9MYVcLfs3pAyjtcqYYDd9kp3y+LSiQzkhMQDfZSV3NXWe4Gsly32adSef173BvObwfoSQL5MA==",
      "license": "MIT",
      "dependencies": {
        "prosemirror-state": "^1.0.0"
      }
    },
    "node_modules/prosemirror-commands": {
      "version": "1.2.2",
      "resolved": "http://nexus.prod.uci.cu/repository/npm-all/prosemirror-commands/-/prosemirror-commands-1.2.2.tgz",
      "integrity": "sha512-TX+KpWudMon06frryfpO/u7hsQv2hu8L4VSVbCpi3/7wXHBgl+35mV85qfa3RpT8xD2f3MdeoTqH0vy5JdbXPg==",
      "license": "MIT",
      "dependencies": {
        "prosemirror-model": "^1.0.0",
        "prosemirror-state": "^1.0.0",
        "prosemirror-transform": "^1.0.0"
      }
    },
    "node_modules/prosemirror-dropcursor": {
      "version": "1.4.0",
      "resolved": "http://nexus.prod.uci.cu/repository/npm-all/prosemirror-dropcursor/-/prosemirror-dropcursor-1.4.0.tgz",
      "integrity": "sha512-6+YwTjmqDwlA/Dm+5wK67ezgqgjA/MhSDgaNxKUzH97SmeuWFXyLeDRxxOPZeSo7yTxcDGUCWTEjmQZsVBuMrQ==",
      "license": "MIT",
      "dependencies": {
        "prosemirror-state": "^1.0.0",
        "prosemirror-transform": "^1.1.0",
        "prosemirror-view": "^1.1.0"
      }
    },
    "node_modules/prosemirror-example-setup": {
      "version": "1.1.2",
      "resolved": "http://nexus.prod.uci.cu/repository/npm-all/prosemirror-example-setup/-/prosemirror-example-setup-1.1.2.tgz",
      "integrity": "sha512-MTpIMyqk08jFnzxeRMCinCEMtVSTUtxKgQBGxfCbVe9C6zIOqp9qZZJz5Ojaad1GETySyuj8+OIHHvQsIaaaGQ==",
      "license": "MIT",
      "dependencies": {
        "prosemirror-commands": "^1.0.0",
        "prosemirror-dropcursor": "^1.0.0",
        "prosemirror-gapcursor": "^1.0.0",
        "prosemirror-history": "^1.0.0",
        "prosemirror-inputrules": "^1.0.0",
        "prosemirror-keymap": "^1.0.0",
        "prosemirror-menu": "^1.0.0",
        "prosemirror-schema-list": "^1.0.0",
        "prosemirror-state": "^1.0.0"
      }
    },
    "node_modules/prosemirror-gapcursor": {
      "version": "1.2.2",
      "resolved": "http://nexus.prod.uci.cu/repository/npm-all/prosemirror-gapcursor/-/prosemirror-gapcursor-1.2.2.tgz",
      "integrity": "sha512-7YzuRBbu9W7HGQde84kCHfIjaRLNcAdeijbgqrm/R9dsdTWkV+rrdcmic/sCc+bptiNpvjCEE+R6hrbT8zFQeQ==",
      "license": "MIT",
      "dependencies": {
        "prosemirror-keymap": "^1.0.0",
        "prosemirror-model": "^1.0.0",
        "prosemirror-state": "^1.0.0",
        "prosemirror-view": "^1.0.0"
      }
    },
    "node_modules/prosemirror-history": {
      "version": "1.2.0",
      "resolved": "http://nexus.prod.uci.cu/repository/npm-all/prosemirror-history/-/prosemirror-history-1.2.0.tgz",
      "integrity": "sha512-B9v9xtf4fYbKxQwIr+3wtTDNLDZcmMMmGiI3TAPShnUzvo+Rmv1GiUrsQChY1meetHl7rhML2cppF3FTs7f7UQ==",
      "license": "MIT",
      "dependencies": {
        "prosemirror-state": "^1.2.2",
        "prosemirror-transform": "^1.0.0",
        "rope-sequence": "^1.3.0"
      }
    },
    "node_modules/prosemirror-inputrules": {
      "version": "1.1.3",
      "resolved": "http://nexus.prod.uci.cu/repository/npm-all/prosemirror-inputrules/-/prosemirror-inputrules-1.1.3.tgz",
      "integrity": "sha512-ZaHCLyBtvbyIHv0f5p6boQTIJjlD6o2NPZiEaZWT2DA+j591zS29QQEMT4lBqwcLW3qRSf7ZvoKNbf05YrsStw==",
      "license": "MIT",
      "dependencies": {
        "prosemirror-state": "^1.0.0",
        "prosemirror-transform": "^1.0.0"
      }
    },
    "node_modules/prosemirror-keymap": {
      "version": "1.1.5",
      "resolved": "http://nexus.prod.uci.cu/repository/npm-all/prosemirror-keymap/-/prosemirror-keymap-1.1.5.tgz",
      "integrity": "sha512-8SZgPH3K+GLsHL2wKuwBD9rxhsbnVBTwpHCO4VUO5GmqUQlxd/2GtBVWTsyLq4Dp3N9nGgPd3+lZFKUDuVp+Vw==",
      "license": "MIT",
      "dependencies": {
        "prosemirror-state": "^1.0.0",
        "w3c-keyname": "^2.2.0"
      }
    },
    "node_modules/prosemirror-menu": {
      "version": "1.1.4",
      "resolved": "http://nexus.prod.uci.cu/repository/npm-all/prosemirror-menu/-/prosemirror-menu-1.1.4.tgz",
      "integrity": "sha512-2ROsji/X9ciDnVSRvSTqFygI34GEdHfQSsK4zBKjPxSEroeiHHcdRMS1ofNIf2zM0Vpp5/YqfpxynElymQkqzg==",
      "license": "MIT",
      "dependencies": {
        "crelt": "^1.0.0",
        "prosemirror-commands": "^1.0.0",
        "prosemirror-history": "^1.0.0",
        "prosemirror-state": "^1.0.0"
      }
    },
    "node_modules/prosemirror-model": {
      "version": "1.16.1",
      "resolved": "http://nexus.prod.uci.cu/repository/npm-all/prosemirror-model/-/prosemirror-model-1.16.1.tgz",
      "integrity": "sha512-r1/w0HDU40TtkXp0DyKBnFPYwd8FSlUSJmGCGFv4DeynfeSlyQF2FD0RQbVEMOe6P3PpUSXM6LZBV7W/YNZ4mA==",
      "license": "MIT",
      "dependencies": {
        "orderedmap": "^1.1.0"
      }
    },
    "node_modules/prosemirror-schema-basic": {
      "version": "1.1.2",
      "resolved": "http://nexus.prod.uci.cu/repository/npm-all/prosemirror-schema-basic/-/prosemirror-schema-basic-1.1.2.tgz",
      "integrity": "sha512-G4q8WflNsR1Q33QAV4MQO0xWrHLOJ+BQcKswGXMy626wlQj6c/1n1v4eC9ns+h2y1r/fJHZEgSZnsNhm9lbrDw==",
      "license": "MIT",
      "dependencies": {
        "prosemirror-model": "^1.2.0"
      }
    },
    "node_modules/prosemirror-schema-list": {
      "version": "1.1.6",
      "resolved": "http://nexus.prod.uci.cu/repository/npm-all/prosemirror-schema-list/-/prosemirror-schema-list-1.1.6.tgz",
      "integrity": "sha512-aFGEdaCWmJzouZ8DwedmvSsL50JpRkqhQ6tcpThwJONVVmCgI36LJHtoQ4VGZbusMavaBhXXr33zyD2IVsTlkw==",
      "license": "MIT",
      "dependencies": {
        "prosemirror-model": "^1.0.0",
        "prosemirror-transform": "^1.0.0"
      }
    },
    "node_modules/prosemirror-state": {
      "version": "1.3.4",
      "resolved": "http://nexus.prod.uci.cu/repository/npm-all/prosemirror-state/-/prosemirror-state-1.3.4.tgz",
      "integrity": "sha512-Xkkrpd1y/TQ6HKzN3agsQIGRcLckUMA9u3j207L04mt8ToRgpGeyhbVv0HI7omDORIBHjR29b7AwlATFFf2GLA==",
      "license": "MIT",
      "dependencies": {
        "prosemirror-model": "^1.0.0",
        "prosemirror-transform": "^1.0.0"
      }
    },
    "node_modules/prosemirror-transform": {
      "version": "1.4.2",
      "resolved": "http://nexus.prod.uci.cu/repository/npm-all/prosemirror-transform/-/prosemirror-transform-1.4.2.tgz",
      "integrity": "sha512-bcIsf3uRZhfab0xRfyyxOEh6eqSszq/hJbDbmUumFnbHBoWhB/uXbpz6vvUxfk0XiEvrZDJ+5pXRrNDc1Hu3vQ==",
      "license": "MIT",
      "dependencies": {
        "prosemirror-model": "^1.0.0"
      }
    },
    "node_modules/prosemirror-view": {
      "version": "1.23.12",
      "resolved": "http://nexus.prod.uci.cu/repository/npm-all/prosemirror-view/-/prosemirror-view-1.23.12.tgz",
      "integrity": "sha512-uvw9ZVz5dNDD9w1bzHkU2r4NWFlpFz85v9rCD8NAhQBau6LYhwM/crjry+C4JgeR8gy6pMXS5eJ1zhNLcK4ctQ==",
      "license": "MIT",
      "dependencies": {
        "prosemirror-model": "^1.16.0",
        "prosemirror-state": "^1.0.0",
        "prosemirror-transform": "^1.1.0"
      }
    },
    "node_modules/rope-sequence": {
      "version": "1.3.2",
      "resolved": "http://nexus.prod.uci.cu/repository/npm-all/rope-sequence/-/rope-sequence-1.3.2.tgz",
      "integrity": "sha512-ku6MFrwEVSVmXLvy3dYph3LAMNS0890K7fabn+0YIRQ2T96T9F4gkFf0vf0WW0JUraNWwGRtInEpH7yO4tbQZg==",
      "license": "MIT"
    },
    "node_modules/w3c-keyname": {
      "version": "2.2.4",
      "resolved": "http://nexus.prod.uci.cu/repository/npm-all/w3c-keyname/-/w3c-keyname-2.2.4.tgz",
      "integrity": "sha512-tOhfEwEzFLJzf6d1ZPkYfGj+FWhIpBux9ppoP3rlclw3Z0BZv3N7b7030Z1kYth+6rDuAsXUFr+d0VE6Ed1ikw==",
      "license": "MIT"
    }
  },
  "dependencies": {
    "crelt": {
      "version": "1.0.5",
      "resolved": "http://nexus.prod.uci.cu/repository/npm-all/crelt/-/crelt-1.0.5.tgz",
      "integrity": "sha512-+BO9wPPi+DWTDcNYhr/W90myha8ptzftZT+LwcmUbbok0rcP/fequmFYCw8NMoH7pkAZQzU78b3kYrlua5a9eA=="
    },
    "orderedmap": {
      "version": "1.1.5",
      "resolved": "http://nexus.prod.uci.cu/repository/npm-all/orderedmap/-/orderedmap-1.1.5.tgz",
      "integrity": "sha512-/fzlCGKRmfayGoI9UUXvJfc2nMZlJHW30QqEvwPvlg8tsX7jyiUSomYie6mYqx7Z9bOMGoag0H/q1PS/0PjYkg=="
    },
    "prosemirror-collab": {
      "version": "1.2.2",
      "resolved": "http://nexus.prod.uci.cu/repository/npm-all/prosemirror-collab/-/prosemirror-collab-1.2.2.tgz",
      "integrity": "sha512-tBnHKMLgy5Qmx9MYVcLfs3pAyjtcqYYDd9kp3y+LSiQzkhMQDfZSV3NXWe4Gsly32adSef173BvObwfoSQL5MA==",
      "requires": {
        "prosemirror-state": "^1.0.0"
      }
    },
    "prosemirror-commands": {
      "version": "1.2.2",
      "resolved": "http://nexus.prod.uci.cu/repository/npm-all/prosemirror-commands/-/prosemirror-commands-1.2.2.tgz",
      "integrity": "sha512-TX+KpWudMon06frryfpO/u7hsQv2hu8L4VSVbCpi3/7wXHBgl+35mV85qfa3RpT8xD2f3MdeoTqH0vy5JdbXPg==",
      "requires": {
        "prosemirror-model": "^1.0.0",
        "prosemirror-state": "^1.0.0",
        "prosemirror-transform": "^1.0.0"
      }
    },
    "prosemirror-dropcursor": {
      "version": "1.4.0",
      "resolved": "http://nexus.prod.uci.cu/repository/npm-all/prosemirror-dropcursor/-/prosemirror-dropcursor-1.4.0.tgz",
      "integrity": "sha512-6+YwTjmqDwlA/Dm+5wK67ezgqgjA/MhSDgaNxKUzH97SmeuWFXyLeDRxxOPZeSo7yTxcDGUCWTEjmQZsVBuMrQ==",
      "requires": {
        "prosemirror-state": "^1.0.0",
        "prosemirror-transform": "^1.1.0",
        "prosemirror-view": "^1.1.0"
      }
    },
    "prosemirror-example-setup": {
      "version": "1.1.2",
      "resolved": "http://nexus.prod.uci.cu/repository/npm-all/prosemirror-example-setup/-/prosemirror-example-setup-1.1.2.tgz",
      "integrity": "sha512-MTpIMyqk08jFnzxeRMCinCEMtVSTUtxKgQBGxfCbVe9C6zIOqp9qZZJz5Ojaad1GETySyuj8+OIHHvQsIaaaGQ==",
      "requires": {
        "prosemirror-commands": "^1.0.0",
        "prosemirror-dropcursor": "^1.0.0",
        "prosemirror-gapcursor": "^1.0.0",
        "prosemirror-history": "^1.0.0",
        "prosemirror-inputrules": "^1.0.0",
        "prosemirror-keymap": "^1.0.0",
        "prosemirror-menu": "^1.0.0",
        "prosemirror-schema-list": "^1.0.0",
        "prosemirror-state": "^1.0.0"
      }
    },
    "prosemirror-gapcursor": {
      "version": "1.2.2",
      "resolved": "http://nexus.prod.uci.cu/repository/npm-all/prosemirror-gapcursor/-/prosemirror-gapcursor-1.2.2.tgz",
      "integrity": "sha512-7YzuRBbu9W7HGQde84kCHfIjaRLNcAdeijbgqrm/R9dsdTWkV+rrdcmic/sCc+bptiNpvjCEE+R6hrbT8zFQeQ==",
      "requires": {
        "prosemirror-keymap": "^1.0.0",
        "prosemirror-model": "^1.0.0",
        "prosemirror-state": "^1.0.0",
        "prosemirror-view": "^1.0.0"
      }
    },
    "prosemirror-history": {
      "version": "1.2.0",
      "resolved": "http://nexus.prod.uci.cu/repository/npm-all/prosemirror-history/-/prosemirror-history-1.2.0.tgz",
      "integrity": "sha512-B9v9xtf4fYbKxQwIr+3wtTDNLDZcmMMmGiI3TAPShnUzvo+Rmv1GiUrsQChY1meetHl7rhML2cppF3FTs7f7UQ==",
      "requires": {
        "prosemirror-state": "^1.2.2",
        "prosemirror-transform": "^1.0.0",
        "rope-sequence": "^1.3.0"
      }
    },
    "prosemirror-inputrules": {
      "version": "1.1.3",
      "resolved": "http://nexus.prod.uci.cu/repository/npm-all/prosemirror-inputrules/-/prosemirror-inputrules-1.1.3.tgz",
      "integrity": "sha512-ZaHCLyBtvbyIHv0f5p6boQTIJjlD6o2NPZiEaZWT2DA+j591zS29QQEMT4lBqwcLW3qRSf7ZvoKNbf05YrsStw==",
      "requires": {
        "prosemirror-state": "^1.0.0",
        "prosemirror-transform": "^1.0.0"
      }
    },
    "prosemirror-keymap": {
      "version": "1.1.5",
      "resolved": "http://nexus.prod.uci.cu/repository/npm-all/prosemirror-keymap/-/prosemirror-keymap-1.1.5.tgz",
      "integrity": "sha512-8SZgPH3K+GLsHL2wKuwBD9rxhsbnVBTwpHCO4VUO5GmqUQlxd/2GtBVWTsyLq4Dp3N9nGgPd3+lZFKUDuVp+Vw==",
      "requires": {
        "prosemirror-state": "^1.0.0",
        "w3c-keyname": "^2.2.0"
      }
    },
    "prosemirror-menu": {
      "version": "1.1.4",
      "resolved": "http://nexus.prod.uci.cu/repository/npm-all/prosemirror-menu/-/prosemirror-menu-1.1.4.tgz",
      "integrity": "sha512-2ROsji/X9ciDnVSRvSTqFygI34GEdHfQSsK4zBKjPxSEroeiHHcdRMS1ofNIf2zM0Vpp5/YqfpxynElymQkqzg==",
      "requires": {
        "crelt": "^1.0.0",
        "prosemirror-commands": "^1.0.0",
        "prosemirror-history": "^1.0.0",
        "prosemirror-state": "^1.0.0"
      }
    },
    "prosemirror-model": {
      "version": "1.16.1",
      "resolved": "http://nexus.prod.uci.cu/repository/npm-all/prosemirror-model/-/prosemirror-model-1.16.1.tgz",
      "integrity": "sha512-r1/w0HDU40TtkXp0DyKBnFPYwd8FSlUSJmGCGFv4DeynfeSlyQF2FD0RQbVEMOe6P3PpUSXM6LZBV7W/YNZ4mA==",
      "requires": {
        "orderedmap": "^1.1.0"
      }
    },
    "prosemirror-schema-basic": {
      "version": "1.1.2",
      "resolved": "http://nexus.prod.uci.cu/repository/npm-all/prosemirror-schema-basic/-/prosemirror-schema-basic-1.1.2.tgz",
      "integrity": "sha512-G4q8WflNsR1Q33QAV4MQO0xWrHLOJ+BQcKswGXMy626wlQj6c/1n1v4eC9ns+h2y1r/fJHZEgSZnsNhm9lbrDw==",
      "requires": {
        "prosemirror-model": "^1.2.0"
      }
    },
    "prosemirror-schema-list": {
      "version": "1.1.6",
      "resolved": "http://nexus.prod.uci.cu/repository/npm-all/prosemirror-schema-list/-/prosemirror-schema-list-1.1.6.tgz",
      "integrity": "sha512-aFGEdaCWmJzouZ8DwedmvSsL50JpRkqhQ6tcpThwJONVVmCgI36LJHtoQ4VGZbusMavaBhXXr33zyD2IVsTlkw==",
      "requires": {
        "prosemirror-model": "^1.0.0",
        "prosemirror-transform": "^1.0.0"
      }
    },
    "prosemirror-state": {
      "version": "1.3.4",
      "resolved": "http://nexus.prod.uci.cu/repository/npm-all/prosemirror-state/-/prosemirror-state-1.3.4.tgz",
      "integrity": "sha512-Xkkrpd1y/TQ6HKzN3agsQIGRcLckUMA9u3j207L04mt8ToRgpGeyhbVv0HI7omDORIBHjR29b7AwlATFFf2GLA==",
      "requires": {
        "prosemirror-model": "^1.0.0",
        "prosemirror-transform": "^1.0.0"
      }
    },
    "prosemirror-transform": {
      "version": "1.4.2",
      "resolved": "http://nexus.prod.uci.cu/repository/npm-all/prosemirror-transform/-/prosemirror-transform-1.4.2.tgz",
      "integrity": "sha512-bcIsf3uRZhfab0xRfyyxOEh6eqSszq/hJbDbmUumFnbHBoWhB/uXbpz6vvUxfk0XiEvrZDJ+5pXRrNDc1Hu3vQ==",
      "requires": {
        "prosemirror-model": "^1.0.0"
      }
    },
    "prosemirror-view": {
      "version": "1.23.12",
      "resolved": "http://nexus.prod.uci.cu/repository/npm-all/prosemirror-view/-/prosemirror-view-1.23.12.tgz",
      "integrity": "sha512-uvw9ZVz5dNDD9w1bzHkU2r4NWFlpFz85v9rCD8NAhQBau6LYhwM/crjry+C4JgeR8gy6pMXS5eJ1zhNLcK4ctQ==",
      "requires": {
        "prosemirror-model": "^1.16.0",
        "prosemirror-state": "^1.0.0",
        "prosemirror-transform": "^1.1.0"
      }
    },
    "rope-sequence": {
      "version": "1.3.2",
      "resolved": "http://nexus.prod.uci.cu/repository/npm-all/rope-sequence/-/rope-sequence-1.3.2.tgz",
      "integrity": "sha512-ku6MFrwEVSVmXLvy3dYph3LAMNS0890K7fabn+0YIRQ2T96T9F4gkFf0vf0WW0JUraNWwGRtInEpH7yO4tbQZg=="
    },
    "w3c-keyname": {
      "version": "2.2.4",
      "resolved": "http://nexus.prod.uci.cu/repository/npm-all/w3c-keyname/-/w3c-keyname-2.2.4.tgz",
      "integrity": "sha512-tOhfEwEzFLJzf6d1ZPkYfGj+FWhIpBux9ppoP3rlclw3Z0BZv3N7b7030Z1kYth+6rDuAsXUFr+d0VE6Ed1ikw=="
    }
  }
}
